{
  "object": {
    "pins": [
      {
        "package": "PromiseKit",
        "repositoryURL": "https://github.com/mxcl/PromiseKit.git",
        "state": {
          "branch": null,
          "revision": "93c8d41ce96ed78f36c3948be396d76f3ca3de1b",
          "version": "6.16.2"
        }
      },
      {
        "package": "swift-log",
        "repositoryURL": "https://github.com/apple/swift-log.git",
        "state": {
          "branch": null,
          "revision": "5d66f7ba25daf4f94100e7022febf3c75e37a6c7",
          "version": "1.4.2"
        }
      },
      {
        "package": "swift-log-syslog",
        "repositoryURL": "https://github.com/DimaRU/swift-log-syslog.git",
        "state": {
          "branch": "master",
          "revision": "47e6bc9ff8047fd91936d7b87b39a044fa761bcb",
          "version": null
        }
      },
      {
        "package": "SwiftyModbus",
        "repositoryURL": "https://git.dev-og.com/d.borovikov/SwiftyModbus.git",
        "state": {
          "branch": null,
          "revision": "850c178ad2433ffa7d79446a05db89dde8095f00",
          "version": "2.0.0"
        }
      }
    ]
  },
  "version": 1
}
