{
  "object": {
    "pins": [
      {
        "package": "PromiseKit",
        "repositoryURL": "https://github.com/mxcl/PromiseKit.git",
        "state": {
          "branch": null,
          "revision": "43772616c46a44a9977e41924ae01d0e55f2f9ca",
          "version": "6.18.1"
        }
      },
      {
        "package": "swift-log",
        "repositoryURL": "https://github.com/apple/swift-log.git",
        "state": {
          "branch": null,
          "revision": "6fe203dc33195667ce1759bf0182975e4653ba1c",
          "version": "1.4.4"
        }
      },
      {
        "package": "swift-log-syslog",
        "repositoryURL": "https://github.com/DimaRU/swift-log-syslog.git",
        "state": {
          "branch": "master",
          "revision": "47e6bc9ff8047fd91936d7b87b39a044fa761bcb",
          "version": null
        }
      },
      {
        "package": "SwiftyModbus",
        "repositoryURL": "https://github.com/DimaRU/SwiftyModbus.git",
        "state": {
          "branch": null,
          "revision": "c576cfc84a27fc251f9f9629073cd991ac024434",
          "version": "2.2.0"
        }
      }
    ]
  },
  "version": 1
}
